PODS:
  - Streamoid-Animator (2.0.0)

DEPENDENCIES:
  - Streamoid-Animator

SPEC REPOS:
  https://github.com/cocoapods/specs.git:
    - Streamoid-Animator

SPEC CHECKSUMS:
  Streamoid-Animator: 87bef70496dd72eba27857c6f997414810542b96

PODFILE CHECKSUM: 0a7949f33bec6c5e942260515aceac53fe484e20

COCOAPODS: 1.5.2
