PODS:
  - Streamoid-Animator (2.0.1)

DEPENDENCIES:
  - Streamoid-Animator

SPEC REPOS:
  https://github.com/cocoapods/specs.git:
    - Streamoid-Animator

SPEC CHECKSUMS:
  Streamoid-Animator: f25c308826df0986186b9952daddc1b7a870500c

PODFILE CHECKSUM: 0a7949f33bec6c5e942260515aceac53fe484e20

COCOAPODS: 1.5.2
