// !$*UTF8*$!
{
	archiveVersion = 1;
	classes = {
	};
	objectVersion = 46;
	objects = {

/* Begin PBXBuildFile section */
		B49A6A991E2F7A4000D4DF8B /* main.m in Sources */ = {isa = PBXBuildFile; fileRef = B49A6A981E2F7A4000D4DF8B /* main.m */; };
		B49A6A9C1E2F7A4000D4DF8B /* AppDelegate.m in Sources */ = {isa = PBXBuildFile; fileRef = B49A6A9B1E2F7A4000D4DF8B /* AppDelegate.m */; };
		B49A6A9F1E2F7A4000D4DF8B /* ViewController.m in Sources */ = {isa = PBXBuildFile; fileRef = B49A6A9E1E2F7A4000D4DF8B /* ViewController.m */; };
		B49A6AA21E2F7A4000D4DF8B /* Main.storyboard in Resources */ = {isa = PBXBuildFile; fileRef = B49A6AA01E2F7A4000D4DF8B /* Main.storyboard */; };
		B49A6AA41E2F7A4000D4DF8B /* Assets.xcassets in Resources */ = {isa = PBXBuildFile; fileRef = B49A6AA31E2F7A4000D4DF8B /* Assets.xcassets */; };
		B49A6AA71E2F7A4000D4DF8B /* LaunchScreen.storyboard in Resources */ = {isa = PBXBuildFile; fileRef = B49A6AA51E2F7A4000D4DF8B /* LaunchScreen.storyboard */; };
		E092E5AEC818029139016707 /* libPods-AnimatorExample.a in Frameworks */ = {isa = PBXBuildFile; fileRef = EADB81269B9D960CDACC8C46 /* libPods-AnimatorExample.a */; };
/* End PBXBuildFile section */

/* Begin PBXFileReference section */
		88ED51D34954E3D1105EF21D /* Pods-AnimatorExample.release.xcconfig */ = {isa = PBXFileReference; includeInIndex = 1; lastKnownFileType = text.xcconfig; name = "Pods-AnimatorExample.release.xcconfig"; path = "Pods/Target Support Files/Pods-AnimatorExample/Pods-AnimatorExample.release.xcconfig"; sourceTree = "<group>"; };
		A2888375F16AC0ECD9801F38 /* Pods-AnimatorExample.debug.xcconfig */ = {isa = PBXFileReference; includeInIndex = 1; lastKnownFileType = text.xcconfig; name = "Pods-AnimatorExample.debug.xcconfig"; path = "Pods/Target Support Files/Pods-AnimatorExample/Pods-AnimatorExample.debug.xcconfig"; sourceTree = "<group>"; };
		B49A6A941E2F7A4000D4DF8B /* AnimatorExample.app */ = {isa = PBXFileReference; explicitFileType = wrapper.application; includeInIndex = 0; path = AnimatorExample.app; sourceTree = BUILT_PRODUCTS_DIR; };
		B49A6A981E2F7A4000D4DF8B /* main.m */ = {isa = PBXFileReference; lastKnownFileType = sourcecode.c.objc; path = main.m; sourceTree = "<group>"; };
		B49A6A9A1E2F7A4000D4DF8B /* AppDelegate.h */ = {isa = PBXFileReference; lastKnownFileType = sourcecode.c.h; path = AppDelegate.h; sourceTree = "<group>"; };
		B49A6A9B1E2F7A4000D4DF8B /* AppDelegate.m */ = {isa = PBXFileReference; lastKnownFileType = sourcecode.c.objc; path = AppDelegate.m; sourceTree = "<group>"; };
		B49A6A9D1E2F7A4000D4DF8B /* ViewController.h */ = {isa = PBXFileReference; lastKnownFileType = sourcecode.c.h; path = ViewController.h; sourceTree = "<group>"; };
		B49A6A9E1E2F7A4000D4DF8B /* ViewController.m */ = {isa = PBXFileReference; lastKnownFileType = sourcecode.c.objc; path = ViewController.m; sourceTree = "<group>"; };
		B49A6AA11E2F7A4000D4DF8B /* Base */ = {isa = PBXFileReference; lastKnownFileType = file.storyboard; name = Base; path = Base.lproj/Main.storyboard; sourceTree = "<group>"; };
		B49A6AA31E2F7A4000D4DF8B /* Assets.xcassets */ = {isa = PBXFileReference; lastKnownFileType = folder.assetcatalog; path = Assets.xcassets; sourceTree = "<group>"; };
		B49A6AA61E2F7A4000D4DF8B /* Base */ = {isa = PBXFileReference; lastKnownFileType = file.storyboard; name = Base; path = Base.lproj/LaunchScreen.storyboard; sourceTree = "<group>"; };
		B49A6AA81E2F7A4000D4DF8B /* Info.plist */ = {isa = PBXFileReference; lastKnownFileType = text.plist.xml; path = Info.plist; sourceTree = "<group>"; };
		EADB81269B9D960CDACC8C46 /* libPods-AnimatorExample.a */ = {isa = PBXFileReference; explicitFileType = archive.ar; includeInIndex = 0; path = "libPods-AnimatorExample.a"; sourceTree = BUILT_PRODUCTS_DIR; };
/* End PBXFileReference section */

/* Begin PBXFrameworksBuildPhase section */
		B49A6A911E2F7A4000D4DF8B /* Frameworks */ = {
			isa = PBXFrameworksBuildPhase;
			buildActionMask = 2147483647;
			files = (
				E092E5AEC818029139016707 /* libPods-AnimatorExample.a in Frameworks */,
			);
			runOnlyForDeploymentPostprocessing = 0;
		};
/* End PBXFrameworksBuildPhase section */

/* Begin PBXGroup section */
		33B9545D0A99DA2B8CBCFDC5 /* Pods */ = {
			isa = PBXGroup;
			children = (
				A2888375F16AC0ECD9801F38 /* Pods-AnimatorExample.debug.xcconfig */,
				88ED51D34954E3D1105EF21D /* Pods-AnimatorExample.release.xcconfig */,
			);
			name = Pods;
			sourceTree = "<group>";
		};
		9A9AD0B5E27A061FF7DF45D0 /* Frameworks */ = {
			isa = PBXGroup;
			children = (
				EADB81269B9D960CDACC8C46 /* libPods-AnimatorExample.a */,
			);
			name = Frameworks;
			sourceTree = "<group>";
		};
		B49A6A8B1E2F7A4000D4DF8B = {
			isa = PBXGroup;
			children = (
				B49A6A961E2F7A4000D4DF8B /* AnimatorExample */,
				B49A6A951E2F7A4000D4DF8B /* Products */,
				33B9545D0A99DA2B8CBCFDC5 /* Pods */,
				9A9AD0B5E27A061FF7DF45D0 /* Frameworks */,
			);
			sourceTree = "<group>";
		};
		B49A6A951E2F7A4000D4DF8B /* Products */ = {
			isa = PBXGroup;
			children = (
				B49A6A941E2F7A4000D4DF8B /* AnimatorExample.app */,
			);
			name = Products;
			sourceTree = "<group>";
		};
		B49A6A961E2F7A4000D4DF8B /* AnimatorExample */ = {
			isa = PBXGroup;
			children = (
				B49A6A9A1E2F7A4000D4DF8B /* AppDelegate.h */,
				B49A6A9B1E2F7A4000D4DF8B /* AppDelegate.m */,
				B49A6A9D1E2F7A4000D4DF8B /* ViewController.h */,
				B49A6A9E1E2F7A4000D4DF8B /* ViewController.m */,
				B49A6AA01E2F7A4000D4DF8B /* Main.storyboard */,
				B49A6AA31E2F7A4000D4DF8B /* Assets.xcassets */,
				B49A6AA51E2F7A4000D4DF8B /* LaunchScreen.storyboard */,
				B49A6AA81E2F7A4000D4DF8B /* Info.plist */,
				B49A6A971E2F7A4000D4DF8B /* Supporting Files */,
			);
			path = AnimatorExample;
			sourceTree = "<group>";
		};
		B49A6A971E2F7A4000D4DF8B /* Supporting Files */ = {
			isa = PBXGroup;
			children = (
				B49A6A981E2F7A4000D4DF8B /* main.m */,
			);
			name = "Supporting Files";
			sourceTree = "<group>";
		};
/* End PBXGroup section */

/* Begin PBXNativeTarget section */
		B49A6A931E2F7A4000D4DF8B /* AnimatorExample */ = {
			isa = PBXNativeTarget;
			buildConfigurationList = B49A6AAB1E2F7A4000D4DF8B /* Build configuration list for PBXNativeTarget "AnimatorExample" */;
			buildPhases = (
				85D44C64FA0E91A181385F46 /* [CP] Check Pods Manifest.lock */,
				B49A6A901E2F7A4000D4DF8B /* Sources */,
				B49A6A911E2F7A4000D4DF8B /* Frameworks */,
				B49A6A921E2F7A4000D4DF8B /* Resources */,
				3A043C50DF6807A203D80AAB /* [CP] Embed Pods Frameworks */,
				4F2F00E10AA0EA05EE71FABD /* [CP] Copy Pods Resources */,
			);
			buildRules = (
			);
			dependencies = (
			);
			name = AnimatorExample;
			productName = AnimatorExample;
			productReference = B49A6A941E2F7A4000D4DF8B /* AnimatorExample.app */;
			productType = "com.apple.product-type.application";
		};
/* End PBXNativeTarget section */

/* Begin PBXProject section */
		B49A6A8C1E2F7A4000D4DF8B /* Project object */ = {
			isa = PBXProject;
			attributes = {
				LastUpgradeCheck = 0820;
				ORGANIZATIONNAME = Streamoid;
				TargetAttributes = {
					B49A6A931E2F7A4000D4DF8B = {
						CreatedOnToolsVersion = 8.2.1;
						DevelopmentTeam = YWBXQA3Y39;
						ProvisioningStyle = Automatic;
					};
				};
			};
			buildConfigurationList = B49A6A8F1E2F7A4000D4DF8B /* Build configuration list for PBXProject "AnimatorExample" */;
			compatibilityVersion = "Xcode 3.2";
			developmentRegion = English;
			hasScannedForEncodings = 0;
			knownRegions = (
				en,
				Base,
			);
			mainGroup = B49A6A8B1E2F7A4000D4DF8B;
			productRefGroup = B49A6A951E2F7A4000D4DF8B /* Products */;
			projectDirPath = "";
			projectRoot = "";
			targets = (
				B49A6A931E2F7A4000D4DF8B /* AnimatorExample */,
			);
		};
/* End PBXProject section */

/* Begin PBXResourcesBuildPhase section */
		B49A6A921E2F7A4000D4DF8B /* Resources */ = {
			isa = PBXResourcesBuildPhase;
			buildActionMask = 2147483647;
			files = (
				B49A6AA71E2F7A4000D4DF8B /* LaunchScreen.storyboard in Resources */,
				B49A6AA41E2F7A4000D4DF8B /* Assets.xcassets in Resources */,
				B49A6AA21E2F7A4000D4DF8B /* Main.storyboard in Resources */,
			);
			runOnlyForDeploymentPostprocessing = 0;
		};
/* End PBXResourcesBuildPhase section */

/* Begin PBXShellScriptBuildPhase section */
		3A043C50DF6807A203D80AAB /* [CP] Embed Pods Frameworks */ = {
			isa = PBXShellScriptBuildPhase;
			buildActionMask = 2147483647;
			files = (
			);
			inputPaths = (
			);
			name = "[CP] Embed Pods Frameworks";
			outputPaths = (
			);
			runOnlyForDeploymentPostprocessing = 0;
			shellPath = /bin/sh;
			shellScript = "\"${SRCROOT}/Pods/Target Support Files/Pods-AnimatorExample/Pods-AnimatorExample-frameworks.sh\"\n";
			showEnvVarsInLog = 0;
		};
		4F2F00E10AA0EA05EE71FABD /* [CP] Copy Pods Resources */ = {
			isa = PBXShellScriptBuildPhase;
			buildActionMask = 2147483647;
			files = (
			);
			inputPaths = (
			);
			name = "[CP] Copy Pods Resources";
			outputPaths = (
			);
			runOnlyForDeploymentPostprocessing = 0;
			shellPath = /bin/sh;
			shellScript = "\"${SRCROOT}/Pods/Target Support Files/Pods-AnimatorExample/Pods-AnimatorExample-resources.sh\"\n";
			showEnvVarsInLog = 0;
		};
		85D44C64FA0E91A181385F46 /* [CP] Check Pods Manifest.lock */ = {
			isa = PBXShellScriptBuildPhase;
			buildActionMask = 2147483647;
			files = (
			);
			inputPaths = (
			);
			name = "[CP] Check Pods Manifest.lock";
			outputPaths = (
			);
			runOnlyForDeploymentPostprocessing = 0;
			shellPath = /bin/sh;
			shellScript = "diff \"${PODS_ROOT}/../Podfile.lock\" \"${PODS_ROOT}/Manifest.lock\" > /dev/null\nif [ $? != 0 ] ; then\n    # print error to STDERR\n    echo \"error: The sandbox is not in sync with the Podfile.lock. Run 'pod install' or update your CocoaPods installation.\" >&2\n    exit 1\nfi\n";
			showEnvVarsInLog = 0;
		};
/* End PBXShellScriptBuildPhase section */

/* Begin PBXSourcesBuildPhase section */
		B49A6A901E2F7A4000D4DF8B /* Sources */ = {
			isa = PBXSourcesBuildPhase;
			buildActionMask = 2147483647;
			files = (
				B49A6A9F1E2F7A4000D4DF8B /* ViewController.m in Sources */,
				B49A6A9C1E2F7A4000D4DF8B /* AppDelegate.m in Sources */,
				B49A6A991E2F7A4000D4DF8B /* main.m in Sources */,
			);
			runOnlyForDeploymentPostprocessing = 0;
		};
/* End PBXSourcesBuildPhase section */

/* Begin PBXVariantGroup section */
		B49A6AA01E2F7A4000D4DF8B /* Main.storyboard */ = {
			isa = PBXVariantGroup;
			children = (
				B49A6AA11E2F7A4000D4DF8B /* Base */,
			);
			name = Main.storyboard;
			sourceTree = "<group>";
		};
		B49A6AA51E2F7A4000D4DF8B /* LaunchScreen.storyboard */ = {
			isa = PBXVariantGroup;
			children = (
				B49A6AA61E2F7A4000D4DF8B /* Base */,
			);
			name = LaunchScreen.storyboard;
			sourceTree = "<group>";
		};
/* End PBXVariantGroup section */

/* Begin XCBuildConfiguration section */
		B49A6AA91E2F7A4000D4DF8B /* Debug */ = {
			isa = XCBuildConfiguration;
			buildSettings = {
				ALWAYS_SEARCH_USER_PATHS = NO;
				CLANG_ANALYZER_NONNULL = YES;
				CLANG_CXX_LANGUAGE_STANDARD = "gnu++0x";
				CLANG_CXX_LIBRARY = "libc++";
				CLANG_ENABLE_MODULES = YES;
				CLANG_ENABLE_OBJC_ARC = YES;
				CLANG_WARN_BOOL_CONVERSION = YES;
				CLANG_WARN_CONSTANT_CONVERSION = YES;
				CLANG_WARN_DIRECT_OBJC_ISA_USAGE = YES_ERROR;
				CLANG_WARN_DOCUMENTATION_COMMENTS = YES;
				CLANG_WARN_EMPTY_BODY = YES;
				CLANG_WARN_ENUM_CONVERSION = YES;
				CLANG_WARN_INFINITE_RECURSION = YES;
				CLANG_WARN_INT_CONVERSION = YES;
				CLANG_WARN_OBJC_ROOT_CLASS = YES_ERROR;
				CLANG_WARN_SUSPICIOUS_MOVE = YES;
				CLANG_WARN_UNREACHABLE_CODE = YES;
				CLANG_WARN__DUPLICATE_METHOD_MATCH = YES;
				"CODE_SIGN_IDENTITY[sdk=iphoneos*]" = "iPhone Developer";
				COPY_PHASE_STRIP = NO;
				DEBUG_INFORMATION_FORMAT = dwarf;
				ENABLE_STRICT_OBJC_MSGSEND = YES;
				ENABLE_TESTABILITY = YES;
				GCC_C_LANGUAGE_STANDARD = gnu99;
				GCC_DYNAMIC_NO_PIC = NO;
				GCC_NO_COMMON_BLOCKS = YES;
				GCC_OPTIMIZATION_LEVEL = 0;
				GCC_PREPROCESSOR_DEFINITIONS = (
					"DEBUG=1",
					"$(inherited)",
				);
				GCC_WARN_64_TO_32_BIT_CONVERSION = YES;
				GCC_WARN_ABOUT_RETURN_TYPE = YES_ERROR;
				GCC_WARN_UNDECLARED_SELECTOR = YES;
				GCC_WARN_UNINITIALIZED_AUTOS = YES_AGGRESSIVE;
				GCC_WARN_UNUSED_FUNCTION = YES;
				GCC_WARN_UNUSED_VARIABLE = YES;
				IPHONEOS_DEPLOYMENT_TARGET = 8.0;
				MTL_ENABLE_DEBUG_INFO = YES;
				ONLY_ACTIVE_ARCH = YES;
				SDKROOT = iphoneos;
				TARGETED_DEVICE_FAMILY = "1,2";
			};
			name = Debug;
		};
		B49A6AAA1E2F7A4000D4DF8B /* Release */ = {
			isa = XCBuildConfiguration;
			buildSettings = {
				ALWAYS_SEARCH_USER_PATHS = NO;
				CLANG_ANALYZER_NONNULL = YES;
				CLANG_CXX_LANGUAGE_STANDARD = "gnu++0x";
				CLANG_CXX_LIBRARY = "libc++";
				CLANG_ENABLE_MODULES = YES;
				CLANG_ENABLE_OBJC_ARC = YES;
				CLANG_WARN_BOOL_CONVERSION = YES;
				CLANG_WARN_CONSTANT_CONVERSION = YES;
				CLANG_WARN_DIRECT_OBJC_ISA_USAGE = YES_ERROR;
				CLANG_WARN_DOCUMENTATION_COMMENTS = YES;
				CLANG_WARN_EMPTY_BODY = YES;
				CLANG_WARN_ENUM_CONVERSION = YES;
				CLANG_WARN_INFINITE_RECURSION = YES;
				CLANG_WARN_INT_CONVERSION = YES;
				CLANG_WARN_OBJC_ROOT_CLASS = YES_ERROR;
				CLANG_WARN_SUSPICIOUS_MOVE = YES;
				CLANG_WARN_UNREACHABLE_CODE = YES;
				CLANG_WARN__DUPLICATE_METHOD_MATCH = YES;
				"CODE_SIGN_IDENTITY[sdk=iphoneos*]" = "iPhone Developer";
				COPY_PHASE_STRIP = NO;
				DEBUG_INFORMATION_FORMAT = "dwarf-with-dsym";
				ENABLE_NS_ASSERTIONS = NO;
				ENABLE_STRICT_OBJC_MSGSEND = YES;
				GCC_C_LANGUAGE_STANDARD = gnu99;
				GCC_NO_COMMON_BLOCKS = YES;
				GCC_WARN_64_TO_32_BIT_CONVERSION = YES;
				GCC_WARN_ABOUT_RETURN_TYPE = YES_ERROR;
				GCC_WARN_UNDECLARED_SELECTOR = YES;
				GCC_WARN_UNINITIALIZED_AUTOS = YES_AGGRESSIVE;
				GCC_WARN_UNUSED_FUNCTION = YES;
				GCC_WARN_UNUSED_VARIABLE = YES;
				IPHONEOS_DEPLOYMENT_TARGET = 8.0;
				MTL_ENABLE_DEBUG_INFO = NO;
				SDKROOT = iphoneos;
				TARGETED_DEVICE_FAMILY = "1,2";
				VALIDATE_PRODUCT = YES;
			};
			name = Release;
		};
		B49A6AAC1E2F7A4000D4DF8B /* Debug */ = {
			isa = XCBuildConfiguration;
			baseConfigurationReference = A2888375F16AC0ECD9801F38 /* Pods-AnimatorExample.debug.xcconfig */;
			buildSettings = {
				ASSETCATALOG_COMPILER_APPICON_NAME = AppIcon;
				DEVELOPMENT_TEAM = YWBXQA3Y39;
				INFOPLIST_FILE = AnimatorExample/Info.plist;
				IPHONEOS_DEPLOYMENT_TARGET = 8.0;
				LD_RUNPATH_SEARCH_PATHS = "$(inherited) @executable_path/Frameworks";
				PRODUCT_BUNDLE_IDENTIFIER = com.streamoid.AnimatorExample;
				PRODUCT_NAME = "$(TARGET_NAME)";
			};
			name = Debug;
		};
		B49A6AAD1E2F7A4000D4DF8B /* Release */ = {
			isa = XCBuildConfiguration;
			baseConfigurationReference = 88ED51D34954E3D1105EF21D /* Pods-AnimatorExample.release.xcconfig */;
			buildSettings = {
				ASSETCATALOG_COMPILER_APPICON_NAME = AppIcon;
				DEVELOPMENT_TEAM = YWBXQA3Y39;
				INFOPLIST_FILE = AnimatorExample/Info.plist;
				IPHONEOS_DEPLOYMENT_TARGET = 8.0;
				LD_RUNPATH_SEARCH_PATHS = "$(inherited) @executable_path/Frameworks";
				PRODUCT_BUNDLE_IDENTIFIER = com.streamoid.AnimatorExample;
				PRODUCT_NAME = "$(TARGET_NAME)";
			};
			name = Release;
		};
/* End XCBuildConfiguration section */

/* Begin XCConfigurationList section */
		B49A6A8F1E2F7A4000D4DF8B /* Build configuration list for PBXProject "AnimatorExample" */ = {
			isa = XCConfigurationList;
			buildConfigurations = (
				B49A6AA91E2F7A4000D4DF8B /* Debug */,
				B49A6AAA1E2F7A4000D4DF8B /* Release */,
			);
			defaultConfigurationIsVisible = 0;
			defaultConfigurationName = Release;
		};
		B49A6AAB1E2F7A4000D4DF8B /* Build configuration list for PBXNativeTarget "AnimatorExample" */ = {
			isa = XCConfigurationList;
			buildConfigurations = (
				B49A6AAC1E2F7A4000D4DF8B /* Debug */,
				B49A6AAD1E2F7A4000D4DF8B /* Release */,
			);
			defaultConfigurationIsVisible = 0;
			defaultConfigurationName = Release;
		};
/* End XCConfigurationList section */
	};
	rootObject = B49A6A8C1E2F7A4000D4DF8B /* Project object */;
}
